
Microsoft Visual Studio Solution File, Format Version 12.00
# Visual Studio Version 16
VisualStudioVersion = 16.0.31729.503
MinimumVisualStudioVersion = 10.0.40219.1
Project("{FAE04EC0-301F-11D3-BF4B-00C04F79EFBC}") = "SchedulingSystem.WebApi", "SchedulingSystem.WebApi\SchedulingSystem.WebApi.csproj", "{846793E0-101E-41D1-A11C-615B77093098}"
EndProject
Project("{FAE04EC0-301F-11D3-BF4B-00C04F79EFBC}") = "SchedulingSystem.DataAccess", "SchedulingSystem.DataAccess\SchedulingSystem.DataAccess.csproj", "{7A07A788-1459-49FC-83CA-F9AC01E1239E}"
EndProject
Project("{FAE04EC0-301F-11D3-BF4B-00C04F79EFBC}") = "SchedulingSystem.Business", "SchedulingSystem.Business\SchedulingSystem.Business.csproj", "{644D9BD6-FDEA-4357-9AE0-9E4BAA207749}"
EndProject
Global
	GlobalSection(SolutionConfigurationPlatforms) = preSolution
		Debug|Any CPU = Debug|Any CPU
		Release|Any CPU = Release|Any CPU
	EndGlobalSection
	GlobalSection(ProjectConfigurationPlatforms) = postSolution
		{846793E0-101E-41D1-A11C-615B77093098}.Debug|Any CPU.ActiveCfg = Debug|Any CPU
		{846793E0-101E-41D1-A11C-615B77093098}.Debug|Any CPU.Build.0 = Debug|Any CPU
		{846793E0-101E-41D1-A11C-615B77093098}.Release|Any CPU.ActiveCfg = Release|Any CPU
		{846793E0-101E-41D1-A11C-615B77093098}.Release|Any CPU.Build.0 = Release|Any CPU
		{7A07A788-1459-49FC-83CA-F9AC01E1239E}.Debug|Any CPU.ActiveCfg = Debug|Any CPU
		{7A07A788-1459-49FC-83CA-F9AC01E1239E}.Debug|Any CPU.Build.0 = Debug|Any CPU
		{7A07A788-1459-49FC-83CA-F9AC01E1239E}.Release|Any CPU.ActiveCfg = Release|Any CPU
		{7A07A788-1459-49FC-83CA-F9AC01E1239E}.Release|Any CPU.Build.0 = Release|Any CPU
		{644D9BD6-FDEA-4357-9AE0-9E4BAA207749}.Debug|Any CPU.ActiveCfg = Debug|Any CPU
		{644D9BD6-FDEA-4357-9AE0-9E4BAA207749}.Debug|Any CPU.Build.0 = Debug|Any CPU
		{644D9BD6-FDEA-4357-9AE0-9E4BAA207749}.Release|Any CPU.ActiveCfg = Release|Any CPU
		{644D9BD6-FDEA-4357-9AE0-9E4BAA207749}.Release|Any CPU.Build.0 = Release|Any CPU
	EndGlobalSection
	GlobalSection(SolutionProperties) = preSolution
		HideSolutionNode = FALSE
	EndGlobalSection
	GlobalSection(ExtensibilityGlobals) = postSolution
		SolutionGuid = {817E7157-B4D9-43AE-9A27-007707AFD5B7}
	EndGlobalSection
EndGlobal
